
Microsoft Visual Studio Solution File, Format Version 12.00
# Visual Studio Version 16
VisualStudioVersion = 16.0.31321.278
MinimumVisualStudioVersion = 10.0.40219.1
Project("{FAE04EC0-301F-11D3-BF4B-00C04F79EFBC}") = "API", "API\API.csproj", "{CBA52D85-3F11-4C0E-9137-E0E862857E58}"
EndProject
Project("{FAE04EC0-301F-11D3-BF4B-00C04F79EFBC}") = "DAL", "DAL\DAL.csproj", "{DE81A48D-B31C-4008-9BD0-30492872C752}"
EndProject
Project("{FAE04EC0-301F-11D3-BF4B-00C04F79EFBC}") = "BLL", "BLL\BLL.csproj", "{7C71ED8A-5B66-41CE-AB1E-2E018261EB90}"
EndProject
Project("{FAE04EC0-301F-11D3-BF4B-00C04F79EFBC}") = "Contracts", "Contracts\Contracts.csproj", "{D8CF8E08-E9FE-4157-86BC-5A53EC72AE49}"
EndProject
Global
	GlobalSection(SolutionConfigurationPlatforms) = preSolution
		Debug|Any CPU = Debug|Any CPU
		Release|Any CPU = Release|Any CPU
	EndGlobalSection
	GlobalSection(ProjectConfigurationPlatforms) = postSolution
		{CBA52D85-3F11-4C0E-9137-E0E862857E58}.Debug|Any CPU.ActiveCfg = Debug|Any CPU
		{CBA52D85-3F11-4C0E-9137-E0E862857E58}.Debug|Any CPU.Build.0 = Debug|Any CPU
		{CBA52D85-3F11-4C0E-9137-E0E862857E58}.Release|Any CPU.ActiveCfg = Release|Any CPU
		{CBA52D85-3F11-4C0E-9137-E0E862857E58}.Release|Any CPU.Build.0 = Release|Any CPU
		{DE81A48D-B31C-4008-9BD0-30492872C752}.Debug|Any CPU.ActiveCfg = Debug|Any CPU
		{DE81A48D-B31C-4008-9BD0-30492872C752}.Debug|Any CPU.Build.0 = Debug|Any CPU
		{DE81A48D-B31C-4008-9BD0-30492872C752}.Release|Any CPU.ActiveCfg = Release|Any CPU
		{DE81A48D-B31C-4008-9BD0-30492872C752}.Release|Any CPU.Build.0 = Release|Any CPU
		{7C71ED8A-5B66-41CE-AB1E-2E018261EB90}.Debug|Any CPU.ActiveCfg = Debug|Any CPU
		{7C71ED8A-5B66-41CE-AB1E-2E018261EB90}.Debug|Any CPU.Build.0 = Debug|Any CPU
		{7C71ED8A-5B66-41CE-AB1E-2E018261EB90}.Release|Any CPU.ActiveCfg = Release|Any CPU
		{7C71ED8A-5B66-41CE-AB1E-2E018261EB90}.Release|Any CPU.Build.0 = Release|Any CPU
		{D8CF8E08-E9FE-4157-86BC-5A53EC72AE49}.Debug|Any CPU.ActiveCfg = Debug|Any CPU
		{D8CF8E08-E9FE-4157-86BC-5A53EC72AE49}.Debug|Any CPU.Build.0 = Debug|Any CPU
		{D8CF8E08-E9FE-4157-86BC-5A53EC72AE49}.Release|Any CPU.ActiveCfg = Release|Any CPU
		{D8CF8E08-E9FE-4157-86BC-5A53EC72AE49}.Release|Any CPU.Build.0 = Release|Any CPU
	EndGlobalSection
	GlobalSection(SolutionProperties) = preSolution
		HideSolutionNode = FALSE
	EndGlobalSection
	GlobalSection(ExtensibilityGlobals) = postSolution
		SolutionGuid = {64643646-72CC-4F69-8701-69959E8922AB}
	EndGlobalSection
EndGlobal
